
Microsoft Visual Studio Solution File, Format Version 12.00
# Visual Studio Version 16
VisualStudioVersion = 16.0.28803.202
MinimumVisualStudioVersion = 10.0.40219.1
Project("{9A19103F-16F7-4668-BE54-9A1E7A4F7556}") = "Ccash.SemanticAnalysis", "Ccash.SemanticAnalysis\Ccash.SemanticAnalysis.csproj", "{19DE00DE-37C9-4DCB-A8D1-E55203C43ADF}"
EndProject
Project("{9A19103F-16F7-4668-BE54-9A1E7A4F7556}") = "Ccash.Antlr", "Ccash.Antlr\Ccash.Antlr.csproj", "{D0754EC0-4FBA-43B8-B058-FD8782141F11}"
EndProject
Project("{9A19103F-16F7-4668-BE54-9A1E7A4F7556}") = "Ccash.CodeGeneration", "Ccash.CodeGeneration\Ccash.CodeGeneration.csproj", "{6F58A478-5634-4028-B3D3-6CAA5D549CB3}"
EndProject
Project("{9A19103F-16F7-4668-BE54-9A1E7A4F7556}") = "Ccash", "Ccash\Ccash.csproj", "{88C20F0E-532D-4FE4-A76E-1E32BB9BEA7B}"
EndProject
Project("{9A19103F-16F7-4668-BE54-9A1E7A4F7556}") = "Ccash.SemanticAnalysis.Tests", "Ccash.SemanticAnalysis.Tests\Ccash.SemanticAnalysis.Tests.csproj", "{3D68BDF7-6048-4A32-9083-C48D6D3A3238}"
EndProject
Global
	GlobalSection(SolutionConfigurationPlatforms) = preSolution
		Debug|Any CPU = Debug|Any CPU
		Debug|x64 = Debug|x64
		Debug|x86 = Debug|x86
		Release|Any CPU = Release|Any CPU
		Release|x64 = Release|x64
		Release|x86 = Release|x86
	EndGlobalSection
	GlobalSection(ProjectConfigurationPlatforms) = postSolution
		{19DE00DE-37C9-4DCB-A8D1-E55203C43ADF}.Debug|Any CPU.ActiveCfg = Debug|Any CPU
		{19DE00DE-37C9-4DCB-A8D1-E55203C43ADF}.Debug|Any CPU.Build.0 = Debug|Any CPU
		{19DE00DE-37C9-4DCB-A8D1-E55203C43ADF}.Debug|x64.ActiveCfg = Debug|Any CPU
		{19DE00DE-37C9-4DCB-A8D1-E55203C43ADF}.Debug|x64.Build.0 = Debug|Any CPU
		{19DE00DE-37C9-4DCB-A8D1-E55203C43ADF}.Debug|x86.ActiveCfg = Debug|Any CPU
		{19DE00DE-37C9-4DCB-A8D1-E55203C43ADF}.Debug|x86.Build.0 = Debug|Any CPU
		{19DE00DE-37C9-4DCB-A8D1-E55203C43ADF}.Release|Any CPU.ActiveCfg = Release|Any CPU
		{19DE00DE-37C9-4DCB-A8D1-E55203C43ADF}.Release|Any CPU.Build.0 = Release|Any CPU
		{19DE00DE-37C9-4DCB-A8D1-E55203C43ADF}.Release|x64.ActiveCfg = Release|Any CPU
		{19DE00DE-37C9-4DCB-A8D1-E55203C43ADF}.Release|x64.Build.0 = Release|Any CPU
		{19DE00DE-37C9-4DCB-A8D1-E55203C43ADF}.Release|x86.ActiveCfg = Release|Any CPU
		{19DE00DE-37C9-4DCB-A8D1-E55203C43ADF}.Release|x86.Build.0 = Release|Any CPU
		{D0754EC0-4FBA-43B8-B058-FD8782141F11}.Debug|Any CPU.ActiveCfg = Debug|Any CPU
		{D0754EC0-4FBA-43B8-B058-FD8782141F11}.Debug|Any CPU.Build.0 = Debug|Any CPU
		{D0754EC0-4FBA-43B8-B058-FD8782141F11}.Debug|x64.ActiveCfg = Debug|Any CPU
		{D0754EC0-4FBA-43B8-B058-FD8782141F11}.Debug|x64.Build.0 = Debug|Any CPU
		{D0754EC0-4FBA-43B8-B058-FD8782141F11}.Debug|x86.ActiveCfg = Debug|Any CPU
		{D0754EC0-4FBA-43B8-B058-FD8782141F11}.Debug|x86.Build.0 = Debug|Any CPU
		{D0754EC0-4FBA-43B8-B058-FD8782141F11}.Release|Any CPU.ActiveCfg = Release|Any CPU
		{D0754EC0-4FBA-43B8-B058-FD8782141F11}.Release|Any CPU.Build.0 = Release|Any CPU
		{D0754EC0-4FBA-43B8-B058-FD8782141F11}.Release|x64.ActiveCfg = Release|Any CPU
		{D0754EC0-4FBA-43B8-B058-FD8782141F11}.Release|x64.Build.0 = Release|Any CPU
		{D0754EC0-4FBA-43B8-B058-FD8782141F11}.Release|x86.ActiveCfg = Release|Any CPU
		{D0754EC0-4FBA-43B8-B058-FD8782141F11}.Release|x86.Build.0 = Release|Any CPU
		{6F58A478-5634-4028-B3D3-6CAA5D549CB3}.Debug|Any CPU.ActiveCfg = Debug|Any CPU
		{6F58A478-5634-4028-B3D3-6CAA5D549CB3}.Debug|Any CPU.Build.0 = Debug|Any CPU
		{6F58A478-5634-4028-B3D3-6CAA5D549CB3}.Debug|x64.ActiveCfg = Debug|Any CPU
		{6F58A478-5634-4028-B3D3-6CAA5D549CB3}.Debug|x64.Build.0 = Debug|Any CPU
		{6F58A478-5634-4028-B3D3-6CAA5D549CB3}.Debug|x86.ActiveCfg = Debug|Any CPU
		{6F58A478-5634-4028-B3D3-6CAA5D549CB3}.Debug|x86.Build.0 = Debug|Any CPU
		{6F58A478-5634-4028-B3D3-6CAA5D549CB3}.Release|Any CPU.ActiveCfg = Release|Any CPU
		{6F58A478-5634-4028-B3D3-6CAA5D549CB3}.Release|Any CPU.Build.0 = Release|Any CPU
		{6F58A478-5634-4028-B3D3-6CAA5D549CB3}.Release|x64.ActiveCfg = Release|Any CPU
		{6F58A478-5634-4028-B3D3-6CAA5D549CB3}.Release|x64.Build.0 = Release|Any CPU
		{6F58A478-5634-4028-B3D3-6CAA5D549CB3}.Release|x86.ActiveCfg = Release|Any CPU
		{6F58A478-5634-4028-B3D3-6CAA5D549CB3}.Release|x86.Build.0 = Release|Any CPU
		{88C20F0E-532D-4FE4-A76E-1E32BB9BEA7B}.Debug|Any CPU.ActiveCfg = Debug|Any CPU
		{88C20F0E-532D-4FE4-A76E-1E32BB9BEA7B}.Debug|Any CPU.Build.0 = Debug|Any CPU
		{88C20F0E-532D-4FE4-A76E-1E32BB9BEA7B}.Debug|x64.ActiveCfg = Debug|Any CPU
		{88C20F0E-532D-4FE4-A76E-1E32BB9BEA7B}.Debug|x64.Build.0 = Debug|Any CPU
		{88C20F0E-532D-4FE4-A76E-1E32BB9BEA7B}.Debug|x86.ActiveCfg = Debug|Any CPU
		{88C20F0E-532D-4FE4-A76E-1E32BB9BEA7B}.Debug|x86.Build.0 = Debug|Any CPU
		{88C20F0E-532D-4FE4-A76E-1E32BB9BEA7B}.Release|Any CPU.ActiveCfg = Release|Any CPU
		{88C20F0E-532D-4FE4-A76E-1E32BB9BEA7B}.Release|Any CPU.Build.0 = Release|Any CPU
		{88C20F0E-532D-4FE4-A76E-1E32BB9BEA7B}.Release|x64.ActiveCfg = Release|Any CPU
		{88C20F0E-532D-4FE4-A76E-1E32BB9BEA7B}.Release|x64.Build.0 = Release|Any CPU
		{88C20F0E-532D-4FE4-A76E-1E32BB9BEA7B}.Release|x86.ActiveCfg = Release|Any CPU
		{88C20F0E-532D-4FE4-A76E-1E32BB9BEA7B}.Release|x86.Build.0 = Release|Any CPU
		{3D68BDF7-6048-4A32-9083-C48D6D3A3238}.Debug|Any CPU.ActiveCfg = Debug|Any CPU
		{3D68BDF7-6048-4A32-9083-C48D6D3A3238}.Debug|Any CPU.Build.0 = Debug|Any CPU
		{3D68BDF7-6048-4A32-9083-C48D6D3A3238}.Debug|x64.ActiveCfg = Debug|Any CPU
		{3D68BDF7-6048-4A32-9083-C48D6D3A3238}.Debug|x64.Build.0 = Debug|Any CPU
		{3D68BDF7-6048-4A32-9083-C48D6D3A3238}.Debug|x86.ActiveCfg = Debug|Any CPU
		{3D68BDF7-6048-4A32-9083-C48D6D3A3238}.Debug|x86.Build.0 = Debug|Any CPU
		{3D68BDF7-6048-4A32-9083-C48D6D3A3238}.Release|Any CPU.ActiveCfg = Release|Any CPU
		{3D68BDF7-6048-4A32-9083-C48D6D3A3238}.Release|Any CPU.Build.0 = Release|Any CPU
		{3D68BDF7-6048-4A32-9083-C48D6D3A3238}.Release|x64.ActiveCfg = Release|Any CPU
		{3D68BDF7-6048-4A32-9083-C48D6D3A3238}.Release|x64.Build.0 = Release|Any CPU
		{3D68BDF7-6048-4A32-9083-C48D6D3A3238}.Release|x86.ActiveCfg = Release|Any CPU
		{3D68BDF7-6048-4A32-9083-C48D6D3A3238}.Release|x86.Build.0 = Release|Any CPU
	EndGlobalSection
	GlobalSection(SolutionProperties) = preSolution
		HideSolutionNode = FALSE
	EndGlobalSection
	GlobalSection(ExtensibilityGlobals) = postSolution
		SolutionGuid = {DF219EE7-FCD6-4ACA-B3B4-AC9A10EB5CE2}
	EndGlobalSection
EndGlobal
